
Microsoft Visual Studio Solution File, Format Version 12.00
# Visual Studio 15
VisualStudioVersion = 15.0.28307.136
MinimumVisualStudioVersion = 10.0.40219.1
Project("{FAE04EC0-301F-11D3-BF4B-00C04F79EFBC}") = "Exercise_1", "Exercise_1\Exercise_1.csproj", "{9BF0B8AE-3BD4-44D4-B0A5-74FFFA055980}"
EndProject
Project("{FAE04EC0-301F-11D3-BF4B-00C04F79EFBC}") = "Exercise_2", "Exercise_2\Exercise_2.csproj", "{EFEE36EC-95D1-4B35-A644-5C48C90727EB}"
EndProject
Project("{FAE04EC0-301F-11D3-BF4B-00C04F79EFBC}") = "Exercise_5", "Exercise_5\Exercise_5.csproj", "{E970A41E-B9CE-486B-BFF3-44E8799488D1}"
EndProject
Project("{FAE04EC0-301F-11D3-BF4B-00C04F79EFBC}") = "Exercise_6", "Exercise_6\Exercise_6.csproj", "{CF760ACE-2E0A-4F63-8BB9-5D7A57A4D18F}"
EndProject
Project("{FAE04EC0-301F-11D3-BF4B-00C04F79EFBC}") = "Exercise_7", "Exercise_7\Exercise_7.csproj", "{8B2B474F-8B68-4428-837E-BA4EAF334A04}"
EndProject
Project("{FAE04EC0-301F-11D3-BF4B-00C04F79EFBC}") = "Exercise_8", "Exercise_8\Exercise_8.csproj", "{AC592B42-5664-4154-9270-1994CB46338A}"
EndProject
Project("{FAE04EC0-301F-11D3-BF4B-00C04F79EFBC}") = "Exercise_9", "Exercise_9\Exercise_9.csproj", "{472BEA36-398B-41EF-8573-322220FF8B83}"
EndProject
Global
	GlobalSection(SolutionConfigurationPlatforms) = preSolution
		Debug|Any CPU = Debug|Any CPU
		Release|Any CPU = Release|Any CPU
	EndGlobalSection
	GlobalSection(ProjectConfigurationPlatforms) = postSolution
		{9BF0B8AE-3BD4-44D4-B0A5-74FFFA055980}.Debug|Any CPU.ActiveCfg = Debug|Any CPU
		{9BF0B8AE-3BD4-44D4-B0A5-74FFFA055980}.Debug|Any CPU.Build.0 = Debug|Any CPU
		{9BF0B8AE-3BD4-44D4-B0A5-74FFFA055980}.Release|Any CPU.ActiveCfg = Release|Any CPU
		{9BF0B8AE-3BD4-44D4-B0A5-74FFFA055980}.Release|Any CPU.Build.0 = Release|Any CPU
		{EFEE36EC-95D1-4B35-A644-5C48C90727EB}.Debug|Any CPU.ActiveCfg = Debug|Any CPU
		{EFEE36EC-95D1-4B35-A644-5C48C90727EB}.Debug|Any CPU.Build.0 = Debug|Any CPU
		{EFEE36EC-95D1-4B35-A644-5C48C90727EB}.Release|Any CPU.ActiveCfg = Release|Any CPU
		{EFEE36EC-95D1-4B35-A644-5C48C90727EB}.Release|Any CPU.Build.0 = Release|Any CPU
		{E970A41E-B9CE-486B-BFF3-44E8799488D1}.Debug|Any CPU.ActiveCfg = Debug|Any CPU
		{E970A41E-B9CE-486B-BFF3-44E8799488D1}.Debug|Any CPU.Build.0 = Debug|Any CPU
		{E970A41E-B9CE-486B-BFF3-44E8799488D1}.Release|Any CPU.ActiveCfg = Release|Any CPU
		{E970A41E-B9CE-486B-BFF3-44E8799488D1}.Release|Any CPU.Build.0 = Release|Any CPU
		{CF760ACE-2E0A-4F63-8BB9-5D7A57A4D18F}.Debug|Any CPU.ActiveCfg = Debug|Any CPU
		{CF760ACE-2E0A-4F63-8BB9-5D7A57A4D18F}.Debug|Any CPU.Build.0 = Debug|Any CPU
		{CF760ACE-2E0A-4F63-8BB9-5D7A57A4D18F}.Release|Any CPU.ActiveCfg = Release|Any CPU
		{CF760ACE-2E0A-4F63-8BB9-5D7A57A4D18F}.Release|Any CPU.Build.0 = Release|Any CPU
		{8B2B474F-8B68-4428-837E-BA4EAF334A04}.Debug|Any CPU.ActiveCfg = Debug|Any CPU
		{8B2B474F-8B68-4428-837E-BA4EAF334A04}.Debug|Any CPU.Build.0 = Debug|Any CPU
		{8B2B474F-8B68-4428-837E-BA4EAF334A04}.Release|Any CPU.ActiveCfg = Release|Any CPU
		{8B2B474F-8B68-4428-837E-BA4EAF334A04}.Release|Any CPU.Build.0 = Release|Any CPU
		{AC592B42-5664-4154-9270-1994CB46338A}.Debug|Any CPU.ActiveCfg = Debug|Any CPU
		{AC592B42-5664-4154-9270-1994CB46338A}.Debug|Any CPU.Build.0 = Debug|Any CPU
		{AC592B42-5664-4154-9270-1994CB46338A}.Release|Any CPU.ActiveCfg = Release|Any CPU
		{AC592B42-5664-4154-9270-1994CB46338A}.Release|Any CPU.Build.0 = Release|Any CPU
		{472BEA36-398B-41EF-8573-322220FF8B83}.Debug|Any CPU.ActiveCfg = Debug|Any CPU
		{472BEA36-398B-41EF-8573-322220FF8B83}.Debug|Any CPU.Build.0 = Debug|Any CPU
		{472BEA36-398B-41EF-8573-322220FF8B83}.Release|Any CPU.ActiveCfg = Release|Any CPU
		{472BEA36-398B-41EF-8573-322220FF8B83}.Release|Any CPU.Build.0 = Release|Any CPU
	EndGlobalSection
	GlobalSection(SolutionProperties) = preSolution
		HideSolutionNode = FALSE
	EndGlobalSection
	GlobalSection(ExtensibilityGlobals) = postSolution
		SolutionGuid = {4A212FF9-0BA3-405B-B9DA-C597E5DB2FE8}
	EndGlobalSection
EndGlobal
