
Microsoft Visual Studio Solution File, Format Version 12.00
# Visual Studio 15
VisualStudioVersion = 15.0.28010.2046
MinimumVisualStudioVersion = 10.0.40219.1
Project("{FAE04EC0-301F-11D3-BF4B-00C04F79EFBC}") = "Lesson2", "Lesson2\Lesson2.csproj", "{12C65921-5929-4D64-A7F3-91C5B9BF9354}"
EndProject
Global
	GlobalSection(SolutionConfigurationPlatforms) = preSolution
		Debug|Any CPU = Debug|Any CPU
		Release|Any CPU = Release|Any CPU
	EndGlobalSection
	GlobalSection(ProjectConfigurationPlatforms) = postSolution
		{12C65921-5929-4D64-A7F3-91C5B9BF9354}.Debug|Any CPU.ActiveCfg = Debug|Any CPU
		{12C65921-5929-4D64-A7F3-91C5B9BF9354}.Debug|Any CPU.Build.0 = Debug|Any CPU
		{12C65921-5929-4D64-A7F3-91C5B9BF9354}.Release|Any CPU.ActiveCfg = Release|Any CPU
		{12C65921-5929-4D64-A7F3-91C5B9BF9354}.Release|Any CPU.Build.0 = Release|Any CPU
	EndGlobalSection
	GlobalSection(SolutionProperties) = preSolution
		HideSolutionNode = FALSE
	EndGlobalSection
	GlobalSection(ExtensibilityGlobals) = postSolution
		SolutionGuid = {348415DD-16C1-4C0B-8935-47B3CDAFB7BE}
	EndGlobalSection
EndGlobal
